
Microsoft Visual Studio Solution File, Format Version 12.00
# Visual Studio Version 17
VisualStudioVersion = 17.4.32912.340
MinimumVisualStudioVersion = 10.0.40219.1
Project("{FAE04EC0-301F-11D3-BF4B-00C04F79EFBC}") = "DXApplicationQLSV", "DXApplicationQLSV\DXApplicationQLSV.csproj", "{3E0E3383-3640-4C1B-8C97-01B7CD5064CF}"
EndProject
Global
	GlobalSection(SolutionConfigurationPlatforms) = preSolution
		Debug|Any CPU = Debug|Any CPU
		Release|Any CPU = Release|Any CPU
	EndGlobalSection
	GlobalSection(ProjectConfigurationPlatforms) = postSolution
		{3E0E3383-3640-4C1B-8C97-01B7CD5064CF}.Debug|Any CPU.ActiveCfg = Debug|Any CPU
		{3E0E3383-3640-4C1B-8C97-01B7CD5064CF}.Debug|Any CPU.Build.0 = Debug|Any CPU
		{3E0E3383-3640-4C1B-8C97-01B7CD5064CF}.Release|Any CPU.ActiveCfg = Release|Any CPU
		{3E0E3383-3640-4C1B-8C97-01B7CD5064CF}.Release|Any CPU.Build.0 = Release|Any CPU
	EndGlobalSection
	GlobalSection(SolutionProperties) = preSolution
		HideSolutionNode = FALSE
	EndGlobalSection
	GlobalSection(ExtensibilityGlobals) = postSolution
		SolutionGuid = {F97D8166-A7A2-4EF5-9F26-BCE8576E7518}
	EndGlobalSection
EndGlobal
